
Microsoft Visual Studio Solution File, Format Version 12.00
# Visual Studio Version 17
VisualStudioVersion = 17.14.36429.23 d17.14
MinimumVisualStudioVersion = 10.0.40219.1
Project("{2150E333-8FDC-42A3-9474-1A3956D46DE8}") = "Task0", "Task0", "{02EA681E-C7D8-13C7-8484-4AC65E1B71E8}"
EndProject
Project("{2150E333-8FDC-42A3-9474-1A3956D46DE8}") = "Task1", "Task1", "{8C4BA303-5132-4326-95D1-826858DF6F83}"
EndProject
Project("{2150E333-8FDC-42A3-9474-1A3956D46DE8}") = "Task2", "Task2", "{A6AEE844-DE63-437D-B167-B82484650001}"
EndProject
Project("{2150E333-8FDC-42A3-9474-1A3956D46DE8}") = "Task3", "Task3", "{6E626793-5FAF-4451-A2AB-D5443BE3FA68}"
EndProject
Project("{2150E333-8FDC-42A3-9474-1A3956D46DE8}") = "Task4", "Task4", "{D883335F-6DFD-4641-8C27-AA39A9960EC5}"
EndProject
Project("{2150E333-8FDC-42A3-9474-1A3956D46DE8}") = "Task5", "Task5", "{A9E22B84-D50F-4C70-B074-FA1449A68DB7}"
EndProject
Project("{2150E333-8FDC-42A3-9474-1A3956D46DE8}") = "Task6", "Task6", "{53C00B16-3420-42A4-9219-BDC6E546C5BF}"
EndProject
Project("{2150E333-8FDC-42A3-9474-1A3956D46DE8}") = "Task7", "Task7", "{118B1BD9-8C9E-4609-83D2-C468CCC5AD5E}"
EndProject
Project("{FAE04EC0-301F-11D3-BF4B-00C04F79EFBC}") = "Tyuiu.Tidzhanin.Sprint2.Task0.V16", "Tyuiu.Tidzhanin.Sprint2.Task0.V16\Tyuiu.Tidzhanin.Sprint2.Task0.V16.csproj", "{0D10E9C2-5B20-4A4C-A6A4-FBAAADF5617C}"
EndProject
Project("{FAE04EC0-301F-11D3-BF4B-00C04F79EFBC}") = "Tyuiu.Tidzhanin.Sprint2.Task0.V16.Lib", "Tyuiu.Tidzhanin.Sprint2.Task0.V16.Lib\Tyuiu.Tidzhanin.Sprint2.Task0.V16.Lib.csproj", "{83400D45-489E-4DEA-B3AE-BE04A6CA38AF}"
EndProject
Project("{FAE04EC0-301F-11D3-BF4B-00C04F79EFBC}") = "Tyuiu.Tidzhanin.Sprint2.Task0.V16.Test", "Tyuiu.Tidzhanin.Sprint2.Task0.V16.Test\Tyuiu.Tidzhanin.Sprint2.Task0.V16.Test.csproj", "{8BDA6E04-DD78-4EBC-9A42-BF07786A46E9}"
EndProject
Project("{FAE04EC0-301F-11D3-BF4B-00C04F79EFBC}") = "Tyuiu.Tidzhanin.Sprint2.Task1.V3", "Tyuiu.Tidzhanin.Sprint2.Task1.V3\Tyuiu.Tidzhanin.Sprint2.Task1.V3.csproj", "{EB099D3B-B437-4504-A6AC-9010A526DAAE}"
EndProject
Project("{FAE04EC0-301F-11D3-BF4B-00C04F79EFBC}") = "Tyuiu.Tidzhanin.Sprint2.Task1.V3.Lib", "Tyuiu.Tidzhanin.Sprint2.Task1.V3.Lib\Tyuiu.Tidzhanin.Sprint2.Task1.V3.Lib.csproj", "{E0D2E359-D48F-4B0B-80E9-1DD9C6C9CBC7}"
EndProject
Project("{FAE04EC0-301F-11D3-BF4B-00C04F79EFBC}") = "Tyuiu.Tidzhanin.Sprint2.Task1.V3.Test", "Tyuiu.Tidzhanin.Sprint2.Task1.V3.Test\Tyuiu.Tidzhanin.Sprint2.Task1.V3.Test.csproj", "{60F2211D-8A53-4D5F-95BA-749E661F6169}"
EndProject
Project("{FAE04EC0-301F-11D3-BF4B-00C04F79EFBC}") = "Tyuiu.Tidzhanin.Sprint2.Task2.V29", "Tyuiu.Tidzhanin.Sprint2.Task2.V29\Tyuiu.Tidzhanin.Sprint2.Task2.V29.csproj", "{58722DA2-13C3-4557-AFEB-6AE5489154DC}"
EndProject
Project("{FAE04EC0-301F-11D3-BF4B-00C04F79EFBC}") = "Tyuiu.Tidzhanin.Sprint2.Task2.V29.Lib", "Tyuiu.Tidzhanin.Sprint2.Task2.V29.Lib\Tyuiu.Tidzhanin.Sprint2.Task2.V29.Lib.csproj", "{200B0F87-9CB4-4C02-888E-534262CE7AAA}"
EndProject
Project("{FAE04EC0-301F-11D3-BF4B-00C04F79EFBC}") = "Tyuiu.Tidzhanin.Sprint2.Task2.V29.Test", "Tyuiu.Tidzhanin.Sprint2.Task2.V29.Test\Tyuiu.Tidzhanin.Sprint2.Task2.V29.Test.csproj", "{B32F4C11-3A9D-4A36-900D-2B2B9F1F5204}"
EndProject
Project("{FAE04EC0-301F-11D3-BF4B-00C04F79EFBC}") = "Tyuiu.Tidzhanin.Sprint2.Task3.V24", "Tyuiu.Tidzhanin.Sprint2.Task3.V24\Tyuiu.Tidzhanin.Sprint2.Task3.V24.csproj", "{747571AB-7249-40AF-89FE-ACEBB1FE34DB}"
EndProject
Project("{FAE04EC0-301F-11D3-BF4B-00C04F79EFBC}") = "Tyuiu.Tidzhanin.Sprint2.Task3.V24.Lib", "Tyuiu.Tidzhanin.Sprint2.Task3.V24.Lib\Tyuiu.Tidzhanin.Sprint2.Task3.V24.Lib.csproj", "{1792BC17-4C8A-4F26-A96D-F76A3AF90B26}"
EndProject
Project("{FAE04EC0-301F-11D3-BF4B-00C04F79EFBC}") = "Tyuiu.Tidzhanin.Sprint2.Task3.V24.Test", "Tyuiu.Tidzhanin.Sprint2.Task3.V24.Test\Tyuiu.Tidzhanin.Sprint2.Task3.V24.Test.csproj", "{FEC8D9BD-0A5D-40D0-AD48-CCDC9D4012E4}"
EndProject
Project("{FAE04EC0-301F-11D3-BF4B-00C04F79EFBC}") = "Tyuiu.Tidzhanin.Sprint2.Task4.V22", "Tyuiu.Tidzhanin.Sprint2.Task4.V22\Tyuiu.Tidzhanin.Sprint2.Task4.V22.csproj", "{E936CB04-3753-4BAB-8C73-63A679641834}"
EndProject
Project("{FAE04EC0-301F-11D3-BF4B-00C04F79EFBC}") = "Tyuiu.Tidzhanin.Sprint2.Task4.V22.Lib", "Tyuiu.Tidzhanin.Sprint2.Task4.V22.Lib\Tyuiu.Tidzhanin.Sprint2.Task4.V22.Lib.csproj", "{28275E55-3828-4DDB-AB05-99DF655CFEA3}"
EndProject
Project("{FAE04EC0-301F-11D3-BF4B-00C04F79EFBC}") = "Tyuiu.Tidzhanin.Sprint2.Task4.V22.Test", "Tyuiu.Tidzhanin.Sprint2.Task4.V22.Test\Tyuiu.Tidzhanin.Sprint2.Task4.V22.Test.csproj", "{46DEDBD4-D464-4167-93F7-D977BE67F665}"
EndProject
Project("{FAE04EC0-301F-11D3-BF4B-00C04F79EFBC}") = "Tyuiu.Tidzhanin.Sprint2.Task5.V2", "Tyuiu.Tidzhanin.Sprint2.Task5.V2\Tyuiu.Tidzhanin.Sprint2.Task5.V2.csproj", "{006B68DA-A42D-4A25-A32A-783D3620DFB2}"
EndProject
Project("{FAE04EC0-301F-11D3-BF4B-00C04F79EFBC}") = "Tyuiu.Tidzhanin.Sprint2.Task5.V2.Lib", "Tyuiu.Tidzhanin.Sprint2.Task5.V2.Lib\Tyuiu.Tidzhanin.Sprint2.Task5.V2.Lib.csproj", "{81A56FA7-B4EA-4011-9C5C-ED39B80CCE8E}"
EndProject
Project("{FAE04EC0-301F-11D3-BF4B-00C04F79EFBC}") = "Tyuiu.Tidzhanin.Sprint2.Task5.V2.Test", "Tyuiu.Tidzhanin.Sprint2.Task5.V2.Test\Tyuiu.Tidzhanin.Sprint2.Task5.V2.Test.csproj", "{99327EA9-D326-4285-BAF5-DF2B30621C54}"
EndProject
Project("{FAE04EC0-301F-11D3-BF4B-00C04F79EFBC}") = "Tyuiu.Tidzhanin.Sprint2.Task6.V10", "Tyuiu.Tidzhanin.Sprint2.Task6.V10\Tyuiu.Tidzhanin.Sprint2.Task6.V10.csproj", "{5C252CFB-ADB8-4297-B72D-50556FDF2282}"
EndProject
Project("{FAE04EC0-301F-11D3-BF4B-00C04F79EFBC}") = "Tyuiu.Tidzhanin.Sprint2.Task6.V10.Lib", "Tyuiu.Tidzhanin.Sprint2.Task6.V10.Lib\Tyuiu.Tidzhanin.Sprint2.Task6.V10.Lib.csproj", "{F734CBE4-760A-449D-8BF1-32687223DEE1}"
EndProject
Project("{FAE04EC0-301F-11D3-BF4B-00C04F79EFBC}") = "Tyuiu.Tidzhanin.Sprint2.Task6.V10.Test", "Tyuiu.Tidzhanin.Sprint2.Task6.V10.Test\Tyuiu.Tidzhanin.Sprint2.Task6.V10.Test.csproj", "{07616D18-127D-4795-828A-0335E4125878}"
EndProject
Project("{FAE04EC0-301F-11D3-BF4B-00C04F79EFBC}") = "Tyuiu.Tidzhanin.Sprint2.Task7.V13", "Tyuiu.Tidzhanin.Sprint2.Task7.V13\Tyuiu.Tidzhanin.Sprint2.Task7.V13.csproj", "{A997B75D-7EAB-4A35-92B8-886842F1B2E5}"
EndProject
Project("{FAE04EC0-301F-11D3-BF4B-00C04F79EFBC}") = "Tyuiu.Tidzhanin.Sprint2.Task7.V13.Lib", "Tyuiu.Tidzhanin.Sprint2.Task7.V13.Lib\Tyuiu.Tidzhanin.Sprint2.Task7.V13.Lib.csproj", "{7D9C185D-6C84-47A2-8C3B-40264A64325F}"
EndProject
Project("{FAE04EC0-301F-11D3-BF4B-00C04F79EFBC}") = "Tyuiu.Tidzhanin.Sprint2.Task7.V13.Test", "Tyuiu.Tidzhanin.Sprint2.Task7.V13.Test\Tyuiu.Tidzhanin.Sprint2.Task7.V13.Test.csproj", "{AA8B70FC-6B88-4647-98E4-73C8E37BA0B1}"
EndProject
Global
	GlobalSection(SolutionConfigurationPlatforms) = preSolution
		Debug|Any CPU = Debug|Any CPU
		Release|Any CPU = Release|Any CPU
	EndGlobalSection
	GlobalSection(ProjectConfigurationPlatforms) = postSolution
		{0D10E9C2-5B20-4A4C-A6A4-FBAAADF5617C}.Debug|Any CPU.ActiveCfg = Debug|Any CPU
		{0D10E9C2-5B20-4A4C-A6A4-FBAAADF5617C}.Debug|Any CPU.Build.0 = Debug|Any CPU
		{0D10E9C2-5B20-4A4C-A6A4-FBAAADF5617C}.Release|Any CPU.ActiveCfg = Release|Any CPU
		{0D10E9C2-5B20-4A4C-A6A4-FBAAADF5617C}.Release|Any CPU.Build.0 = Release|Any CPU
		{83400D45-489E-4DEA-B3AE-BE04A6CA38AF}.Debug|Any CPU.ActiveCfg = Debug|Any CPU
		{83400D45-489E-4DEA-B3AE-BE04A6CA38AF}.Debug|Any CPU.Build.0 = Debug|Any CPU
		{83400D45-489E-4DEA-B3AE-BE04A6CA38AF}.Release|Any CPU.ActiveCfg = Release|Any CPU
		{83400D45-489E-4DEA-B3AE-BE04A6CA38AF}.Release|Any CPU.Build.0 = Release|Any CPU
		{8BDA6E04-DD78-4EBC-9A42-BF07786A46E9}.Debug|Any CPU.ActiveCfg = Debug|Any CPU
		{8BDA6E04-DD78-4EBC-9A42-BF07786A46E9}.Debug|Any CPU.Build.0 = Debug|Any CPU
		{8BDA6E04-DD78-4EBC-9A42-BF07786A46E9}.Release|Any CPU.ActiveCfg = Release|Any CPU
		{8BDA6E04-DD78-4EBC-9A42-BF07786A46E9}.Release|Any CPU.Build.0 = Release|Any CPU
		{EB099D3B-B437-4504-A6AC-9010A526DAAE}.Debug|Any CPU.ActiveCfg = Debug|Any CPU
		{EB099D3B-B437-4504-A6AC-9010A526DAAE}.Debug|Any CPU.Build.0 = Debug|Any CPU
		{EB099D3B-B437-4504-A6AC-9010A526DAAE}.Release|Any CPU.ActiveCfg = Release|Any CPU
		{EB099D3B-B437-4504-A6AC-9010A526DAAE}.Release|Any CPU.Build.0 = Release|Any CPU
		{E0D2E359-D48F-4B0B-80E9-1DD9C6C9CBC7}.Debug|Any CPU.ActiveCfg = Debug|Any CPU
		{E0D2E359-D48F-4B0B-80E9-1DD9C6C9CBC7}.Debug|Any CPU.Build.0 = Debug|Any CPU
		{E0D2E359-D48F-4B0B-80E9-1DD9C6C9CBC7}.Release|Any CPU.ActiveCfg = Release|Any CPU
		{E0D2E359-D48F-4B0B-80E9-1DD9C6C9CBC7}.Release|Any CPU.Build.0 = Release|Any CPU
		{60F2211D-8A53-4D5F-95BA-749E661F6169}.Debug|Any CPU.ActiveCfg = Debug|Any CPU
		{60F2211D-8A53-4D5F-95BA-749E661F6169}.Debug|Any CPU.Build.0 = Debug|Any CPU
		{60F2211D-8A53-4D5F-95BA-749E661F6169}.Release|Any CPU.ActiveCfg = Release|Any CPU
		{60F2211D-8A53-4D5F-95BA-749E661F6169}.Release|Any CPU.Build.0 = Release|Any CPU
		{58722DA2-13C3-4557-AFEB-6AE5489154DC}.Debug|Any CPU.ActiveCfg = Debug|Any CPU
		{58722DA2-13C3-4557-AFEB-6AE5489154DC}.Debug|Any CPU.Build.0 = Debug|Any CPU
		{58722DA2-13C3-4557-AFEB-6AE5489154DC}.Release|Any CPU.ActiveCfg = Release|Any CPU
		{58722DA2-13C3-4557-AFEB-6AE5489154DC}.Release|Any CPU.Build.0 = Release|Any CPU
		{200B0F87-9CB4-4C02-888E-534262CE7AAA}.Debug|Any CPU.ActiveCfg = Debug|Any CPU
		{200B0F87-9CB4-4C02-888E-534262CE7AAA}.Debug|Any CPU.Build.0 = Debug|Any CPU
		{200B0F87-9CB4-4C02-888E-534262CE7AAA}.Release|Any CPU.ActiveCfg = Release|Any CPU
		{200B0F87-9CB4-4C02-888E-534262CE7AAA}.Release|Any CPU.Build.0 = Release|Any CPU
		{B32F4C11-3A9D-4A36-900D-2B2B9F1F5204}.Debug|Any CPU.ActiveCfg = Debug|Any CPU
		{B32F4C11-3A9D-4A36-900D-2B2B9F1F5204}.Debug|Any CPU.Build.0 = Debug|Any CPU
		{B32F4C11-3A9D-4A36-900D-2B2B9F1F5204}.Release|Any CPU.ActiveCfg = Release|Any CPU
		{B32F4C11-3A9D-4A36-900D-2B2B9F1F5204}.Release|Any CPU.Build.0 = Release|Any CPU
		{747571AB-7249-40AF-89FE-ACEBB1FE34DB}.Debug|Any CPU.ActiveCfg = Debug|Any CPU
		{747571AB-7249-40AF-89FE-ACEBB1FE34DB}.Debug|Any CPU.Build.0 = Debug|Any CPU
		{747571AB-7249-40AF-89FE-ACEBB1FE34DB}.Release|Any CPU.ActiveCfg = Release|Any CPU
		{747571AB-7249-40AF-89FE-ACEBB1FE34DB}.Release|Any CPU.Build.0 = Release|Any CPU
		{1792BC17-4C8A-4F26-A96D-F76A3AF90B26}.Debug|Any CPU.ActiveCfg = Debug|Any CPU
		{1792BC17-4C8A-4F26-A96D-F76A3AF90B26}.Debug|Any CPU.Build.0 = Debug|Any CPU
		{1792BC17-4C8A-4F26-A96D-F76A3AF90B26}.Release|Any CPU.ActiveCfg = Release|Any CPU
		{1792BC17-4C8A-4F26-A96D-F76A3AF90B26}.Release|Any CPU.Build.0 = Release|Any CPU
		{FEC8D9BD-0A5D-40D0-AD48-CCDC9D4012E4}.Debug|Any CPU.ActiveCfg = Debug|Any CPU
		{FEC8D9BD-0A5D-40D0-AD48-CCDC9D4012E4}.Debug|Any CPU.Build.0 = Debug|Any CPU
		{FEC8D9BD-0A5D-40D0-AD48-CCDC9D4012E4}.Release|Any CPU.ActiveCfg = Release|Any CPU
		{FEC8D9BD-0A5D-40D0-AD48-CCDC9D4012E4}.Release|Any CPU.Build.0 = Release|Any CPU
		{E936CB04-3753-4BAB-8C73-63A679641834}.Debug|Any CPU.ActiveCfg = Debug|Any CPU
		{E936CB04-3753-4BAB-8C73-63A679641834}.Debug|Any CPU.Build.0 = Debug|Any CPU
		{E936CB04-3753-4BAB-8C73-63A679641834}.Release|Any CPU.ActiveCfg = Release|Any CPU
		{E936CB04-3753-4BAB-8C73-63A679641834}.Release|Any CPU.Build.0 = Release|Any CPU
		{28275E55-3828-4DDB-AB05-99DF655CFEA3}.Debug|Any CPU.ActiveCfg = Debug|Any CPU
		{28275E55-3828-4DDB-AB05-99DF655CFEA3}.Debug|Any CPU.Build.0 = Debug|Any CPU
		{28275E55-3828-4DDB-AB05-99DF655CFEA3}.Release|Any CPU.ActiveCfg = Release|Any CPU
		{28275E55-3828-4DDB-AB05-99DF655CFEA3}.Release|Any CPU.Build.0 = Release|Any CPU
		{46DEDBD4-D464-4167-93F7-D977BE67F665}.Debug|Any CPU.ActiveCfg = Debug|Any CPU
		{46DEDBD4-D464-4167-93F7-D977BE67F665}.Debug|Any CPU.Build.0 = Debug|Any CPU
		{46DEDBD4-D464-4167-93F7-D977BE67F665}.Release|Any CPU.ActiveCfg = Release|Any CPU
		{46DEDBD4-D464-4167-93F7-D977BE67F665}.Release|Any CPU.Build.0 = Release|Any CPU
		{006B68DA-A42D-4A25-A32A-783D3620DFB2}.Debug|Any CPU.ActiveCfg = Debug|Any CPU
		{006B68DA-A42D-4A25-A32A-783D3620DFB2}.Debug|Any CPU.Build.0 = Debug|Any CPU
		{006B68DA-A42D-4A25-A32A-783D3620DFB2}.Release|Any CPU.ActiveCfg = Release|Any CPU
		{006B68DA-A42D-4A25-A32A-783D3620DFB2}.Release|Any CPU.Build.0 = Release|Any CPU
		{81A56FA7-B4EA-4011-9C5C-ED39B80CCE8E}.Debug|Any CPU.ActiveCfg = Debug|Any CPU
		{81A56FA7-B4EA-4011-9C5C-ED39B80CCE8E}.Debug|Any CPU.Build.0 = Debug|Any CPU
		{81A56FA7-B4EA-4011-9C5C-ED39B80CCE8E}.Release|Any CPU.ActiveCfg = Release|Any CPU
		{81A56FA7-B4EA-4011-9C5C-ED39B80CCE8E}.Release|Any CPU.Build.0 = Release|Any CPU
		{99327EA9-D326-4285-BAF5-DF2B30621C54}.Debug|Any CPU.ActiveCfg = Debug|Any CPU
		{99327EA9-D326-4285-BAF5-DF2B30621C54}.Debug|Any CPU.Build.0 = Debug|Any CPU
		{99327EA9-D326-4285-BAF5-DF2B30621C54}.Release|Any CPU.ActiveCfg = Release|Any CPU
		{99327EA9-D326-4285-BAF5-DF2B30621C54}.Release|Any CPU.Build.0 = Release|Any CPU
		{5C252CFB-ADB8-4297-B72D-50556FDF2282}.Debug|Any CPU.ActiveCfg = Debug|Any CPU
		{5C252CFB-ADB8-4297-B72D-50556FDF2282}.Debug|Any CPU.Build.0 = Debug|Any CPU
		{5C252CFB-ADB8-4297-B72D-50556FDF2282}.Release|Any CPU.ActiveCfg = Release|Any CPU
		{5C252CFB-ADB8-4297-B72D-50556FDF2282}.Release|Any CPU.Build.0 = Release|Any CPU
		{F734CBE4-760A-449D-8BF1-32687223DEE1}.Debug|Any CPU.ActiveCfg = Debug|Any CPU
		{F734CBE4-760A-449D-8BF1-32687223DEE1}.Debug|Any CPU.Build.0 = Debug|Any CPU
		{F734CBE4-760A-449D-8BF1-32687223DEE1}.Release|Any CPU.ActiveCfg = Release|Any CPU
		{F734CBE4-760A-449D-8BF1-32687223DEE1}.Release|Any CPU.Build.0 = Release|Any CPU
		{07616D18-127D-4795-828A-0335E4125878}.Debug|Any CPU.ActiveCfg = Debug|Any CPU
		{07616D18-127D-4795-828A-0335E4125878}.Debug|Any CPU.Build.0 = Debug|Any CPU
		{07616D18-127D-4795-828A-0335E4125878}.Release|Any CPU.ActiveCfg = Release|Any CPU
		{07616D18-127D-4795-828A-0335E4125878}.Release|Any CPU.Build.0 = Release|Any CPU
		{A997B75D-7EAB-4A35-92B8-886842F1B2E5}.Debug|Any CPU.ActiveCfg = Debug|Any CPU
		{A997B75D-7EAB-4A35-92B8-886842F1B2E5}.Debug|Any CPU.Build.0 = Debug|Any CPU
		{A997B75D-7EAB-4A35-92B8-886842F1B2E5}.Release|Any CPU.ActiveCfg = Release|Any CPU
		{A997B75D-7EAB-4A35-92B8-886842F1B2E5}.Release|Any CPU.Build.0 = Release|Any CPU
		{7D9C185D-6C84-47A2-8C3B-40264A64325F}.Debug|Any CPU.ActiveCfg = Debug|Any CPU
		{7D9C185D-6C84-47A2-8C3B-40264A64325F}.Debug|Any CPU.Build.0 = Debug|Any CPU
		{7D9C185D-6C84-47A2-8C3B-40264A64325F}.Release|Any CPU.ActiveCfg = Release|Any CPU
		{7D9C185D-6C84-47A2-8C3B-40264A64325F}.Release|Any CPU.Build.0 = Release|Any CPU
		{AA8B70FC-6B88-4647-98E4-73C8E37BA0B1}.Debug|Any CPU.ActiveCfg = Debug|Any CPU
		{AA8B70FC-6B88-4647-98E4-73C8E37BA0B1}.Debug|Any CPU.Build.0 = Debug|Any CPU
		{AA8B70FC-6B88-4647-98E4-73C8E37BA0B1}.Release|Any CPU.ActiveCfg = Release|Any CPU
		{AA8B70FC-6B88-4647-98E4-73C8E37BA0B1}.Release|Any CPU.Build.0 = Release|Any CPU
	EndGlobalSection
	GlobalSection(SolutionProperties) = preSolution
		HideSolutionNode = FALSE
	EndGlobalSection
	GlobalSection(NestedProjects) = preSolution
		{0D10E9C2-5B20-4A4C-A6A4-FBAAADF5617C} = {02EA681E-C7D8-13C7-8484-4AC65E1B71E8}
		{83400D45-489E-4DEA-B3AE-BE04A6CA38AF} = {02EA681E-C7D8-13C7-8484-4AC65E1B71E8}
		{8BDA6E04-DD78-4EBC-9A42-BF07786A46E9} = {02EA681E-C7D8-13C7-8484-4AC65E1B71E8}
		{EB099D3B-B437-4504-A6AC-9010A526DAAE} = {8C4BA303-5132-4326-95D1-826858DF6F83}
		{E0D2E359-D48F-4B0B-80E9-1DD9C6C9CBC7} = {8C4BA303-5132-4326-95D1-826858DF6F83}
		{60F2211D-8A53-4D5F-95BA-749E661F6169} = {8C4BA303-5132-4326-95D1-826858DF6F83}
		{58722DA2-13C3-4557-AFEB-6AE5489154DC} = {A6AEE844-DE63-437D-B167-B82484650001}
		{200B0F87-9CB4-4C02-888E-534262CE7AAA} = {A6AEE844-DE63-437D-B167-B82484650001}
		{B32F4C11-3A9D-4A36-900D-2B2B9F1F5204} = {A6AEE844-DE63-437D-B167-B82484650001}
		{747571AB-7249-40AF-89FE-ACEBB1FE34DB} = {6E626793-5FAF-4451-A2AB-D5443BE3FA68}
		{1792BC17-4C8A-4F26-A96D-F76A3AF90B26} = {6E626793-5FAF-4451-A2AB-D5443BE3FA68}
		{FEC8D9BD-0A5D-40D0-AD48-CCDC9D4012E4} = {6E626793-5FAF-4451-A2AB-D5443BE3FA68}
		{E936CB04-3753-4BAB-8C73-63A679641834} = {D883335F-6DFD-4641-8C27-AA39A9960EC5}
		{28275E55-3828-4DDB-AB05-99DF655CFEA3} = {D883335F-6DFD-4641-8C27-AA39A9960EC5}
		{46DEDBD4-D464-4167-93F7-D977BE67F665} = {D883335F-6DFD-4641-8C27-AA39A9960EC5}
		{006B68DA-A42D-4A25-A32A-783D3620DFB2} = {A9E22B84-D50F-4C70-B074-FA1449A68DB7}
		{81A56FA7-B4EA-4011-9C5C-ED39B80CCE8E} = {A9E22B84-D50F-4C70-B074-FA1449A68DB7}
		{99327EA9-D326-4285-BAF5-DF2B30621C54} = {A9E22B84-D50F-4C70-B074-FA1449A68DB7}
		{5C252CFB-ADB8-4297-B72D-50556FDF2282} = {53C00B16-3420-42A4-9219-BDC6E546C5BF}
		{F734CBE4-760A-449D-8BF1-32687223DEE1} = {53C00B16-3420-42A4-9219-BDC6E546C5BF}
		{07616D18-127D-4795-828A-0335E4125878} = {53C00B16-3420-42A4-9219-BDC6E546C5BF}
		{A997B75D-7EAB-4A35-92B8-886842F1B2E5} = {118B1BD9-8C9E-4609-83D2-C468CCC5AD5E}
		{7D9C185D-6C84-47A2-8C3B-40264A64325F} = {118B1BD9-8C9E-4609-83D2-C468CCC5AD5E}
		{AA8B70FC-6B88-4647-98E4-73C8E37BA0B1} = {118B1BD9-8C9E-4609-83D2-C468CCC5AD5E}
	EndGlobalSection
	GlobalSection(ExtensibilityGlobals) = postSolution
		SolutionGuid = {E643FC3A-7237-4618-85F2-DC4049C2E069}
	EndGlobalSection
EndGlobal
